{
  "nodes": {
    "nixpkgs": {
      "locked": {
        "lastModified": 1738246171,
        "narHash": "sha256-fjUjjuMTddN+bQIpqYPtBc9hOno456jnNYICn//dWQw=",
        "owner": "nixos",
        "repo": "nixpkgs",
        "rev": "b10274be81af918d2dae392572791ed363ab3417",
        "type": "github"
      },
      "original": {
        "owner": "nixos",
        "repo": "nixpkgs",
        "type": "github"
      }
    },
    "root": {
      "inputs": {
        "nixpkgs": "nixpkgs",
        "systems": "systems"
      }
    },
    "systems": {
      "locked": {
        "lastModified": 1681028828,
        "narHash": "sha256-Vy1rq5AaRuLzOxct8nz4T6wlgyUR7zLU309k9mBC768=",
        "owner": "nix-systems",
        "repo": "default",
        "rev": "da67096a3b9bf56a91d16901293e51ba5b49a27e",
        "type": "github"
      },
      "original": {
        "owner": "nix-systems",
        "repo": "default",
        "type": "github"
      }
    }
  },
  "root": "root",
  "version": 7
}
